
Microsoft Visual Studio Solution File, Format Version 12.00
# Visual Studio Version 17
VisualStudioVersion = 17.1.32319.34
MinimumVisualStudioVersion = 10.0.40219.1
Project("{FAE04EC0-301F-11D3-BF4B-00C04F79EFBC}") = "double_linked_list", "double_linked_list\double_linked_list.csproj", "{8714EF37-A869-45A9-9154-1ED43EBC632A}"
EndProject
Global
	GlobalSection(SolutionConfigurationPlatforms) = preSolution
		Debug|Any CPU = Debug|Any CPU
		Release|Any CPU = Release|Any CPU
	EndGlobalSection
	GlobalSection(ProjectConfigurationPlatforms) = postSolution
		{8714EF37-A869-45A9-9154-1ED43EBC632A}.Debug|Any CPU.ActiveCfg = Debug|Any CPU
		{8714EF37-A869-45A9-9154-1ED43EBC632A}.Debug|Any CPU.Build.0 = Debug|Any CPU
		{8714EF37-A869-45A9-9154-1ED43EBC632A}.Release|Any CPU.ActiveCfg = Release|Any CPU
		{8714EF37-A869-45A9-9154-1ED43EBC632A}.Release|Any CPU.Build.0 = Release|Any CPU
	EndGlobalSection
	GlobalSection(SolutionProperties) = preSolution
		HideSolutionNode = FALSE
	EndGlobalSection
	GlobalSection(ExtensibilityGlobals) = postSolution
		SolutionGuid = {BB0A2606-5F48-49E1-A679-2361D3D269F2}
	EndGlobalSection
EndGlobal
